
Microsoft Visual Studio Solution File, Format Version 12.00
# Visual Studio Version 17
VisualStudioVersion = 17.1.32414.318
MinimumVisualStudioVersion = 10.0.40219.1
Project("{FAE04EC0-301F-11D3-BF4B-00C04F79EFBC}") = "WebApiTestMyEF", "WebApiTestMyEF\WebApiTestMyEF.csproj", "{316BCFBF-E6C3-4620-BDF9-1E19E76937C3}"
EndProject
Project("{FAE04EC0-301F-11D3-BF4B-00C04F79EFBC}") = "MyEFCore", "MyEFCore\MyEFCore.csproj", "{611FB7A6-2BEB-478D-98BF-E79D36953792}"
EndProject
Global
	GlobalSection(SolutionConfigurationPlatforms) = preSolution
		Debug|Any CPU = Debug|Any CPU
		Release|Any CPU = Release|Any CPU
	EndGlobalSection
	GlobalSection(ProjectConfigurationPlatforms) = postSolution
		{316BCFBF-E6C3-4620-BDF9-1E19E76937C3}.Debug|Any CPU.ActiveCfg = Debug|Any CPU
		{316BCFBF-E6C3-4620-BDF9-1E19E76937C3}.Debug|Any CPU.Build.0 = Debug|Any CPU
		{316BCFBF-E6C3-4620-BDF9-1E19E76937C3}.Release|Any CPU.ActiveCfg = Release|Any CPU
		{316BCFBF-E6C3-4620-BDF9-1E19E76937C3}.Release|Any CPU.Build.0 = Release|Any CPU
		{611FB7A6-2BEB-478D-98BF-E79D36953792}.Debug|Any CPU.ActiveCfg = Debug|Any CPU
		{611FB7A6-2BEB-478D-98BF-E79D36953792}.Debug|Any CPU.Build.0 = Debug|Any CPU
		{611FB7A6-2BEB-478D-98BF-E79D36953792}.Release|Any CPU.ActiveCfg = Release|Any CPU
		{611FB7A6-2BEB-478D-98BF-E79D36953792}.Release|Any CPU.Build.0 = Release|Any CPU
	EndGlobalSection
	GlobalSection(SolutionProperties) = preSolution
		HideSolutionNode = FALSE
	EndGlobalSection
	GlobalSection(ExtensibilityGlobals) = postSolution
		SolutionGuid = {9AD4602D-CD55-418B-8D9A-F60CF695A042}
	EndGlobalSection
EndGlobal
